<?xml version="1.0" encoding="utf-8"?>
<Project ToolsVersion="4.0" xmlns="http://schemas.microsoft.com/developer/msbuild/2003">
  <ItemGroup>
    <Filter Include="Source Files">
      <UniqueIdentifier>{4FC737F1-C7A5-4376-A066-2A32D752A2FF}</UniqueIdentifier>
      <Extensions>cpp;c;cc;cxx;def;odl;idl;hpj;bat;asm;asmx</Extensions>
    </Filter>
    <Filter Include="Header Files">
      <UniqueIdentifier>{93995380-89BD-4b04-88EB-625FBE52EBFB}</UniqueIdentifier>
      <Extensions>h;hpp;hxx;hm;inl;inc;xsd</Extensions>
    </Filter>
    <Filter Include="Resource Files">
      <UniqueIdentifier>{67DA6AB6-F800-4c08-8B7A-83BB121AAD01}</UniqueIdentifier>
      <Extensions>rc;ico;cur;bmp;dlg;rc2;rct;bin;rgs;gif;jpg;jpeg;jpe;resx;tiff;tif;png;wav</Extensions>
    </Filter>
    <Filter Include="Source Files\other">
      <UniqueIdentifier>{72a03aea-0c9b-4f88-9e65-2e83ac795f5a}</UniqueIdentifier>
    </Filter>
    <Filter Include="Source Files\Action">
      <UniqueIdentifier>{7505ec58-a42f-44e7-9a8f-8bb09a39cbff}</UniqueIdentifier>
    </Filter>
    <Filter Include="Source Files\Gui">
      <UniqueIdentifier>{bb385e41-3ae9-42b8-9a14-ab2e31a19386}</UniqueIdentifier>
    </Filter>
    <Filter Include="Source Files\Gui\Data center">
      <UniqueIdentifier>{e5466b98-aa10-4901-a56f-35ae95596ce0}</UniqueIdentifier>
    </Filter>
    <Filter Include="Source Files\Editor">
      <UniqueIdentifier>{91d99b5a-d9b4-4be9-ba5e-efbafee7e70f}</UniqueIdentifier>
    </Filter>
    <Filter Include="Source Files\Gui\tool bar">
      <UniqueIdentifier>{55eb5ee3-0714-47bc-9513-8f9eb41b70a8}</UniqueIdentifier>
    </Filter>
  </ItemGroup>
  <ItemGroup>
    <ClCompile Include="clBaseDataUI.cpp">
      <Filter>Source Files</Filter>
    </ClCompile>
    <ClCompile Include="stdafx.cpp">
      <Filter>Source Files</Filter>
    </ClCompile>
    <ClCompile Include="DataCenterTree.cpp">
      <Filter>Source Files\Gui\Data center</Filter>
    </ClCompile>
    <ClCompile Include="DataSaveInfoDlg.cpp">
      <Filter>Source Files\Gui\Data center</Filter>
    </ClCompile>
    <ClCompile Include="FolderInfoDlg.cpp">
      <Filter>Source Files\Gui\Data center</Filter>
    </ClCompile>
    <ClCompile Include="SearchPartDlg.cpp">
      <Filter>Source Files\Gui\Data center</Filter>
    </ClCompile>
    <ClCompile Include="SelectDataCenterFolderDlg.cpp">
      <Filter>Source Files\Gui\Data center</Filter>
    </ClCompile>
    <ClCompile Include="AboutDlg.cpp">
      <Filter>Source Files\other</Filter>
    </ClCompile>
    <ClCompile Include="ContentTranslationDlg.cpp">
      <Filter>Source Files\other</Filter>
    </ClCompile>
    <ClCompile Include="ProgressDlg.cpp">
      <Filter>Source Files\other</Filter>
    </ClCompile>
    <ClCompile Include="Utility.cpp">
      <Filter>Source Files\other</Filter>
    </ClCompile>
    <ClCompile Include="ZoomBaseAction.cpp">
      <Filter>Source Files\Action</Filter>
    </ClCompile>
    <ClCompile Include="ZoomInAction.cpp">
      <Filter>Source Files\Action</Filter>
    </ClCompile>
    <ClCompile Include="ZoomOutAction.cpp">
      <Filter>Source Files\Action</Filter>
    </ClCompile>
    <ClCompile Include="ActionBase.cpp">
      <Filter>Source Files\Action</Filter>
    </ClCompile>
    <ClCompile Include="DummyAction.cpp">
      <Filter>Source Files\Action</Filter>
    </ClCompile>
    <ClCompile Include="IAction.cpp">
      <Filter>Source Files\Action</Filter>
    </ClCompile>
    <ClCompile Include="ValueInputManager.cpp">
      <Filter>Source Files\Action</Filter>
    </ClCompile>
    <ClCompile Include="EditorBase.cpp">
      <Filter>Source Files\Editor</Filter>
    </ClCompile>
    <ClCompile Include="IEditor.cpp">
      <Filter>Source Files\Editor</Filter>
    </ClCompile>
    <ClCompile Include="TopToolBar.cpp">
      <Filter>Source Files\Gui\tool bar</Filter>
    </ClCompile>
    <ClCompile Include="SubToolBar.cpp">
      <Filter>Source Files\Gui\tool bar</Filter>
    </ClCompile>
    <ClCompile Include="ActionBar.cpp">
      <Filter>Source Files\Gui</Filter>
    </ClCompile>
    <ClCompile Include="CursorDrawer.cpp">
      <Filter>Source Files\other</Filter>
    </ClCompile>
  </ItemGroup>
  <ItemGroup>
    <None Include="clBaseDataUI.def">
      <Filter>Source Files</Filter>
    </None>
    <None Include="res\clBaseDataUI.rc2">
      <Filter>Resource Files</Filter>
    </None>
  </ItemGroup>
  <ItemGroup>
    <ClInclude Include="AboutDlg.h">
      <Filter>Header Files</Filter>
    </ClInclude>
    <ClInclude Include="clBaseDataUI.h">
      <Filter>Header Files</Filter>
    </ClInclude>
    <ClInclude Include="clBaseDataUICommon.h">
      <Filter>Header Files</Filter>
    </ClInclude>
    <ClInclude Include="ContentTranslationDlg.h">
      <Filter>Header Files</Filter>
    </ClInclude>
    <ClInclude Include="FolderInfoDlg.h">
      <Filter>Header Files</Filter>
    </ClInclude>
    <ClInclude Include="ProgressDlg.h">
      <Filter>Header Files</Filter>
    </ClInclude>
    <ClInclude Include="Resource.h">
      <Filter>Header Files</Filter>
    </ClInclude>
    <ClInclude Include="SearchPartDlg.h">
      <Filter>Header Files</Filter>
    </ClInclude>
    <ClInclude Include="stdafx.h">
      <Filter>Header Files</Filter>
    </ClInclude>
    <ClInclude Include="targetver.h">
      <Filter>Header Files</Filter>
    </ClInclude>
    <ClInclude Include="Utility.h">
      <Filter>Header Files</Filter>
    </ClInclude>
    <ClInclude Include="DataCenterTree.h">
      <Filter>Header Files</Filter>
    </ClInclude>
    <ClInclude Include="DataSaveInfoDlg.h">
      <Filter>Header Files</Filter>
    </ClInclude>
    <ClInclude Include="SelectDataCenterFolderDlg.h">
      <Filter>Header Files</Filter>
    </ClInclude>
    <ClInclude Include="ActionBase.h">
      <Filter>Header Files</Filter>
    </ClInclude>
    <ClInclude Include="DummyAction.h">
      <Filter>Header Files</Filter>
    </ClInclude>
    <ClInclude Include="IAction.h">
      <Filter>Header Files</Filter>
    </ClInclude>
    <ClInclude Include="ValueInputManager.h">
      <Filter>Header Files</Filter>
    </ClInclude>
    <ClInclude Include="ZoomBaseAction.h">
      <Filter>Header Files</Filter>
    </ClInclude>
    <ClInclude Include="ZoomInAction.h">
      <Filter>Header Files</Filter>
    </ClInclude>
    <ClInclude Include="ZoomOutAction.h">
      <Filter>Header Files</Filter>
    </ClInclude>
    <ClInclude Include="IEditor.h">
      <Filter>Header Files</Filter>
    </ClInclude>
    <ClInclude Include="EditorBase.h">
      <Filter>Header Files</Filter>
    </ClInclude>
    <ClInclude Include="SubToolBar.h">
      <Filter>Header Files</Filter>
    </ClInclude>
    <ClInclude Include="TopToolBar.h">
      <Filter>Header Files</Filter>
    </ClInclude>
    <ClInclude Include="ActionBar.h">
      <Filter>Header Files</Filter>
    </ClInclude>
    <ClInclude Include="CursorDrawer.h">
      <Filter>Header Files</Filter>
    </ClInclude>
  </ItemGroup>
  <ItemGroup>
    <ResourceCompile Include="clBaseDataUI.rc">
      <Filter>Resource Files</Filter>
    </ResourceCompile>
  </ItemGroup>
</Project>