<?xml version="1.0" encoding="utf-8"?>
<Project ToolsVersion="4.0" xmlns="http://schemas.microsoft.com/developer/msbuild/2003">
  <ItemGroup>
    <Filter Include="Source Files">
      <UniqueIdentifier>{4FC737F1-C7A5-4376-A066-2A32D752A2FF}</UniqueIdentifier>
      <Extensions>cpp;c;cc;cxx;def;odl;idl;hpj;bat;asm;asmx</Extensions>
    </Filter>
    <Filter Include="Header Files">
      <UniqueIdentifier>{93995380-89BD-4b04-88EB-625FBE52EBFB}</UniqueIdentifier>
      <Extensions>h;hpp;hxx;hm;inl;inc;xsd</Extensions>
    </Filter>
    <Filter Include="Resource Files">
      <UniqueIdentifier>{67DA6AB6-F800-4c08-8B7A-83BB121AAD01}</UniqueIdentifier>
      <Extensions>rc;ico;cur;bmp;dlg;rc2;rct;bin;rgs;gif;jpg;jpeg;jpe;resx;tiff;tif;png;wav</Extensions>
    </Filter>
    <Filter Include="Source Files\Business">
      <UniqueIdentifier>{22eb9093-a419-4180-8a5a-c0e3addda3ad}</UniqueIdentifier>
    </Filter>
    <Filter Include="Source Files\Gui">
      <UniqueIdentifier>{8f25b335-b7d0-4609-8d1e-34abca3bb8ea}</UniqueIdentifier>
    </Filter>
  </ItemGroup>
  <ItemGroup>
    <ClCompile Include="clSheetUI.cpp">
      <Filter>Source Files</Filter>
    </ClCompile>
    <ClCompile Include="stdafx.cpp">
      <Filter>Source Files</Filter>
    </ClCompile>
    <ClCompile Include="GenerateNCTask.cpp">
      <Filter>Source Files\Business</Filter>
    </ClCompile>
    <ClCompile Include="RemnantMatInfoDlg.cpp">
      <Filter>Source Files\Gui</Filter>
    </ClCompile>
    <ClCompile Include="SheetInfoDlg.cpp">
      <Filter>Source Files\Gui</Filter>
    </ClCompile>
    <ClCompile Include="ConfigNcParamDlg.cpp">
      <Filter>Source Files\Gui</Filter>
    </ClCompile>
    <ClCompile Include="SheetHelper.cpp">
      <Filter>Source Files\Business</Filter>
    </ClCompile>
    <ClCompile Include="ResetCornerFeatureDlg.cpp">
      <Filter>Source Files\Gui</Filter>
    </ClCompile>
    <ClCompile Include="ResetLeadLineDlg.cpp">
      <Filter>Source Files\Gui</Filter>
    </ClCompile>
    <ClCompile Include="ResetLoopToolDlg.cpp">
      <Filter>Source Files\Gui</Filter>
    </ClCompile>
    <ClCompile Include="ResetMicroJointDlg.cpp">
      <Filter>Source Files\Gui</Filter>
    </ClCompile>
    <ClCompile Include="ResetSequenceDlg.cpp">
      <Filter>Source Files\Gui</Filter>
    </ClCompile>
    <ClCompile Include="ResetStartCutPointDlg.cpp">
      <Filter>Source Files\Gui</Filter>
    </ClCompile>
  </ItemGroup>
  <ItemGroup>
    <None Include="clSheetUI.def">
      <Filter>Source Files</Filter>
    </None>
    <None Include="res\clSheetUI.rc2">
      <Filter>Resource Files</Filter>
    </None>
  </ItemGroup>
  <ItemGroup>
    <ClInclude Include="clSheetUI.h">
      <Filter>Header Files</Filter>
    </ClInclude>
    <ClInclude Include="clSheetUICommon.h">
      <Filter>Header Files</Filter>
    </ClInclude>
    <ClInclude Include="GenerateNCTask.h">
      <Filter>Header Files</Filter>
    </ClInclude>
    <ClInclude Include="RemnantMatInfoDlg.h">
      <Filter>Header Files</Filter>
    </ClInclude>
    <ClInclude Include="Resource.h">
      <Filter>Header Files</Filter>
    </ClInclude>
    <ClInclude Include="SheetInfoDlg.h">
      <Filter>Header Files</Filter>
    </ClInclude>
    <ClInclude Include="stdafx.h">
      <Filter>Header Files</Filter>
    </ClInclude>
    <ClInclude Include="targetver.h">
      <Filter>Header Files</Filter>
    </ClInclude>
    <ClInclude Include="ConfigNcParamDlg.h">
      <Filter>Header Files</Filter>
    </ClInclude>
    <ClInclude Include="SheetHelper.h">
      <Filter>Header Files</Filter>
    </ClInclude>
    <ClInclude Include="ResetCornerFeatureDlg.h">
      <Filter>Header Files</Filter>
    </ClInclude>
    <ClInclude Include="ResetLeadLineDlg.h">
      <Filter>Header Files</Filter>
    </ClInclude>
    <ClInclude Include="ResetLoopToolDlg.h">
      <Filter>Header Files</Filter>
    </ClInclude>
    <ClInclude Include="ResetMicroJointDlg.h">
      <Filter>Header Files</Filter>
    </ClInclude>
    <ClInclude Include="ResetSequenceDlg.h">
      <Filter>Header Files</Filter>
    </ClInclude>
    <ClInclude Include="ResetStartCutPointDlg.h">
      <Filter>Header Files</Filter>
    </ClInclude>
  </ItemGroup>
  <ItemGroup>
    <ResourceCompile Include="clSheetUI.rc">
      <Filter>Resource Files</Filter>
    </ResourceCompile>
  </ItemGroup>
</Project>