<?xml version="1.0" encoding="utf-8"?>
<Project ToolsVersion="4.0" xmlns="http://schemas.microsoft.com/developer/msbuild/2003">
  <ItemGroup>
    <Filter Include="Source Files">
      <UniqueIdentifier>{4FC737F1-C7A5-4376-A066-2A32D752A2FF}</UniqueIdentifier>
      <Extensions>cpp;c;cc;cxx;def;odl;idl;hpj;bat;asm;asmx</Extensions>
    </Filter>
    <Filter Include="Source Files\ui">
      <UniqueIdentifier>{b524646d-f6bc-454a-a4f9-80591f23c656}</UniqueIdentifier>
    </Filter>
    <Filter Include="Source Files\business">
      <UniqueIdentifier>{ead5c418-ece9-4d16-a529-0db29899694f}</UniqueIdentifier>
    </Filter>
    <Filter Include="Header Files">
      <UniqueIdentifier>{93995380-89BD-4b04-88EB-625FBE52EBFB}</UniqueIdentifier>
      <Extensions>h;hpp;hxx;hm;inl;inc;xsd</Extensions>
    </Filter>
    <Filter Include="Resource Files">
      <UniqueIdentifier>{67DA6AB6-F800-4c08-8B7A-83BB121AAD01}</UniqueIdentifier>
      <Extensions>rc;ico;cur;bmp;dlg;rc2;rct;bin;rgs;gif;jpg;jpeg;jpe;resx;tiff;tif;png;wav</Extensions>
    </Filter>
  </ItemGroup>
  <ItemGroup>
    <ClCompile Include="clReportTemplateUI.cpp">
      <Filter>Source Files</Filter>
    </ClCompile>
    <ClCompile Include="stdafx.cpp">
      <Filter>Source Files</Filter>
    </ClCompile>
    <ClCompile Include="BarCodeEntityPropDlg.cpp">
      <Filter>Source Files\ui</Filter>
    </ClCompile>
    <ClCompile Include="BoxEntityPropDlg.cpp">
      <Filter>Source Files\ui</Filter>
    </ClCompile>
    <ClCompile Include="DflTplDlg.cpp">
      <Filter>Source Files\ui</Filter>
    </ClCompile>
    <ClCompile Include="DynImgEntityPropDlg.cpp">
      <Filter>Source Files\ui</Filter>
    </ClCompile>
    <ClCompile Include="EllipseEntityPropDlg.cpp">
      <Filter>Source Files\ui</Filter>
    </ClCompile>
    <ClCompile Include="FieldEntityPropDlg.cpp">
      <Filter>Source Files\ui</Filter>
    </ClCompile>
    <ClCompile Include="GridColumnDlg.cpp">
      <Filter>Source Files\ui</Filter>
    </ClCompile>
    <ClCompile Include="GridEntityPropDlg.cpp">
      <Filter>Source Files\ui</Filter>
    </ClCompile>
    <ClCompile Include="LabelDrawStatic.cpp">
      <Filter>Source Files\ui</Filter>
    </ClCompile>
    <ClCompile Include="LabelEntityPropDlg.cpp">
      <Filter>Source Files\ui</Filter>
    </ClCompile>
    <ClCompile Include="LineEntityPropDlg.cpp">
      <Filter>Source Files\ui</Filter>
    </ClCompile>
    <ClCompile Include="NewTpPageDlg.cpp">
      <Filter>Source Files\ui</Filter>
    </ClCompile>
    <ClCompile Include="ReportTplDlg.cpp">
      <Filter>Source Files\ui</Filter>
    </ClCompile>
    <ClCompile Include="StaticEntityPropDlg.cpp">
      <Filter>Source Files\ui</Filter>
    </ClCompile>
    <ClCompile Include="StaticImgEntityPropDlg.cpp">
      <Filter>Source Files\ui</Filter>
    </ClCompile>
    <ClCompile Include="TplPageDlg.cpp">
      <Filter>Source Files\ui</Filter>
    </ClCompile>
    <ClCompile Include="TplPageSelDlg.cpp">
      <Filter>Source Files\ui</Filter>
    </ClCompile>
    <ClCompile Include="TplTypeSelDlg.cpp">
      <Filter>Source Files\ui</Filter>
    </ClCompile>
    <ClCompile Include="TplEntityMgr.cpp">
      <Filter>Source Files\business</Filter>
    </ClCompile>
  </ItemGroup>
  <ItemGroup>
    <None Include="clReportTemplateUI.def">
      <Filter>Source Files</Filter>
    </None>
    <None Include="res\clReportTemplateUI.rc2">
      <Filter>Resource Files</Filter>
    </None>
  </ItemGroup>
  <ItemGroup>
    <ClInclude Include="BarCodeEntityPropDlg.h">
      <Filter>Header Files</Filter>
    </ClInclude>
    <ClInclude Include="BoxEntityPropDlg.h">
      <Filter>Header Files</Filter>
    </ClInclude>
    <ClInclude Include="clReportTemplateUI.h">
      <Filter>Header Files</Filter>
    </ClInclude>
    <ClInclude Include="clReportTemplateUICommon.h">
      <Filter>Header Files</Filter>
    </ClInclude>
    <ClInclude Include="DflTplDlg.h">
      <Filter>Header Files</Filter>
    </ClInclude>
    <ClInclude Include="DynImgEntityPropDlg.h">
      <Filter>Header Files</Filter>
    </ClInclude>
    <ClInclude Include="EllipseEntityPropDlg.h">
      <Filter>Header Files</Filter>
    </ClInclude>
    <ClInclude Include="FieldEntityPropDlg.h">
      <Filter>Header Files</Filter>
    </ClInclude>
    <ClInclude Include="GridColumnDlg.h">
      <Filter>Header Files</Filter>
    </ClInclude>
    <ClInclude Include="GridEntityPropDlg.h">
      <Filter>Header Files</Filter>
    </ClInclude>
    <ClInclude Include="LabelDrawStatic.h">
      <Filter>Header Files</Filter>
    </ClInclude>
    <ClInclude Include="LabelEntityPropDlg.h">
      <Filter>Header Files</Filter>
    </ClInclude>
    <ClInclude Include="LineEntityPropDlg.h">
      <Filter>Header Files</Filter>
    </ClInclude>
    <ClInclude Include="NewTpPageDlg.h">
      <Filter>Header Files</Filter>
    </ClInclude>
    <ClInclude Include="ReportTplDlg.h">
      <Filter>Header Files</Filter>
    </ClInclude>
    <ClInclude Include="Resource.h">
      <Filter>Header Files</Filter>
    </ClInclude>
    <ClInclude Include="StaticEntityPropDlg.h">
      <Filter>Header Files</Filter>
    </ClInclude>
    <ClInclude Include="StaticImgEntityPropDlg.h">
      <Filter>Header Files</Filter>
    </ClInclude>
    <ClInclude Include="stdafx.h">
      <Filter>Header Files</Filter>
    </ClInclude>
    <ClInclude Include="targetver.h">
      <Filter>Header Files</Filter>
    </ClInclude>
    <ClInclude Include="TplEntityMgr.h">
      <Filter>Header Files</Filter>
    </ClInclude>
    <ClInclude Include="TplPageDlg.h">
      <Filter>Header Files</Filter>
    </ClInclude>
    <ClInclude Include="TplPageSelDlg.h">
      <Filter>Header Files</Filter>
    </ClInclude>
    <ClInclude Include="TplTypeSelDlg.h">
      <Filter>Header Files</Filter>
    </ClInclude>
  </ItemGroup>
  <ItemGroup>
    <ResourceCompile Include="clReportTemplateUI.rc">
      <Filter>Resource Files</Filter>
    </ResourceCompile>
  </ItemGroup>
</Project>