
Microsoft Visual Studio Solution File, Format Version 12.00
# Visual Studio 15
VisualStudioVersion = 15.0.28307.1169
MinimumVisualStudioVersion = 10.0.40219.1
Project("{2150E333-8FDC-42A3-9474-1A3956D46DE8}") = "appFrame", "appFrame", "{3CF76E23-A098-449C-8427-E085723AE517}"
EndProject
Project("{2150E333-8FDC-42A3-9474-1A3956D46DE8}") = "resource", "resource", "{CD0DE9BD-E18C-47CF-8490-1152E0E87ABD}"
EndProject
Project("{2150E333-8FDC-42A3-9474-1A3956D46DE8}") = "part", "part", "{C77CE6DF-9840-43DB-AEDE-A73D8191C7F8}"
EndProject
Project("{2150E333-8FDC-42A3-9474-1A3956D46DE8}") = "report", "report", "{D9F31BC7-F130-4CF0-BECD-C5319B82AED8}"
EndProject
Project("{2150E333-8FDC-42A3-9474-1A3956D46DE8}") = "config", "config", "{E505BF63-8673-45A0-B5EE-8AC12DD8547D}"
EndProject
Project("{2150E333-8FDC-42A3-9474-1A3956D46DE8}") = "sheet", "sheet", "{6CD7B677-E0D5-4ACB-B1CC-FED5A7463E50}"
EndProject
Project("{2150E333-8FDC-42A3-9474-1A3956D46DE8}") = "post", "post", "{632A4A63-F4E8-4B32-8E44-50ACC97DEEF7}"
EndProject
Project("{2150E333-8FDC-42A3-9474-1A3956D46DE8}") = "basic", "basic", "{4E090065-0EEB-4C40-8F86-DC460291BDDD}"
EndProject
Project("{2150E333-8FDC-42A3-9474-1A3956D46DE8}") = "importExport", "importExport", "{68B58BD9-04BE-41B6-AF0B-984FD2975BF8}"
EndProject
Project("{2150E333-8FDC-42A3-9474-1A3956D46DE8}") = "bridge", "bridge", "{1E8C364E-2FC9-41DF-9C39-29BCD949594C}"
EndProject
Project("{8BC9CEB8-8B4A-11D0-8D11-00A0C91BC942}") = "clApp", "UICode\appFrame\clApp\clApp.vcxproj", "{98C833E7-5909-4F71-915D-ED86A79F79A1}"
	ProjectSection(ProjectDependencies) = postProject
		{FD02473E-A883-4339-87BF-7018CA823E39} = {FD02473E-A883-4339-87BF-7018CA823E39}
	EndProjectSection
EndProject
Project("{8BC9CEB8-8B4A-11D0-8D11-00A0C91BC942}") = "clFrame", "UICode\appFrame\clFrame\clFrame.vcxproj", "{0B7FF77D-E68C-4FB6-B9B9-06D47E76C4BB}"
EndProject
Project("{8BC9CEB8-8B4A-11D0-8D11-00A0C91BC942}") = "clOptionUI", "UICode\config\clOptionUI\clOptionUI.vcxproj", "{2B4B3D9F-C0CC-47F4-866C-06E05420D3B9}"
EndProject
Project("{8BC9CEB8-8B4A-11D0-8D11-00A0C91BC942}") = "clPartUI", "UICode\part\clPartUI\clPartUI.vcxproj", "{D359CF86-E839-410A-9559-A7107A16D141}"
EndProject
Project("{8BC9CEB8-8B4A-11D0-8D11-00A0C91BC942}") = "clSheetUI", "UICode\sheet\clSheetUI\clSheetUI.vcxproj", "{0B9AB221-C83D-4702-B6A6-E68D96359365}"
EndProject
Project("{8BC9CEB8-8B4A-11D0-8D11-00A0C91BC942}") = "clBaseDataUI", "UICode\basic\clBaseDataUI\clBaseDataUI.vcxproj", "{36681548-753E-497D-A612-01630C5B7F04}"
EndProject
Project("{8BC9CEB8-8B4A-11D0-8D11-00A0C91BC942}") = "clCutFeatureUI", "UICode\part\clCutFeatureUI\clCutFeatureUI.vcxproj", "{E79EF911-3A25-47AC-9899-9E147B89722C}"
EndProject
Project("{8BC9CEB8-8B4A-11D0-8D11-00A0C91BC942}") = "clGeometryFeatureUI", "UICode\part\clGeometryFeatureUI\clGeometryFeatureUI.vcxproj", "{0DAE83D4-47AC-4A7B-9CC9-1DD7B2AAB3FD}"
EndProject
Project("{8BC9CEB8-8B4A-11D0-8D11-00A0C91BC942}") = "clPartLayoutUI", "UICode\sheet\clPartLayoutUI\clPartLayoutUI.vcxproj", "{17C359FC-7DBE-465F-BD53-C2D3B609A852}"
EndProject
Project("{8BC9CEB8-8B4A-11D0-8D11-00A0C91BC942}") = "clCutSequenceUI", "UICode\sheet\clCutSequenceUI\clCutSequenceUI.vcxproj", "{FA78FD50-532D-4B52-BE3E-5A699017997A}"
EndProject
Project("{8BC9CEB8-8B4A-11D0-8D11-00A0C91BC942}") = "clNestUI", "UICode\sheet\clNestUI\clNestUI.vcxproj", "{8A9BFD79-DEDF-45A5-BA56-0D8461743D90}"
EndProject
Project("{8BC9CEB8-8B4A-11D0-8D11-00A0C91BC942}") = "clDataImportExportUI", "UICode\importExport\clDataImportExportUI\clDataImportExportUI.vcxproj", "{930EA418-3FF3-4DB6-AB70-BF56E1CDA880}"
EndProject
Project("{8BC9CEB8-8B4A-11D0-8D11-00A0C91BC942}") = "clExpertLibUI", "UICode\config\clExpertLibUI\clExpertLibUI.vcxproj", "{CDC5DD0C-1AF6-4CC1-9756-3E3314FDDE99}"
EndProject
Project("{8BC9CEB8-8B4A-11D0-8D11-00A0C91BC942}") = "clMachineLibUI", "UICode\config\clMachineLibUI\clMachineLibUI.vcxproj", "{D37EC670-70DC-4A7F-8C16-AA80E0A79668}"
EndProject
Project("{8BC9CEB8-8B4A-11D0-8D11-00A0C91BC942}") = "clMaterialLibUI", "UICode\config\clMaterialLibUI\clMaterialLibUI.vcxproj", "{27A4E42A-4E9C-4771-881A-3F21F41F2F6C}"
EndProject
Project("{8BC9CEB8-8B4A-11D0-8D11-00A0C91BC942}") = "clReportConfigUI", "UICode\report\clReportConfigUI\clReportConfigUI.vcxproj", "{F22050AC-B325-451A-9194-3B73B6EBAF5C}"
EndProject
Project("{8BC9CEB8-8B4A-11D0-8D11-00A0C91BC942}") = "clReportPrinterUI", "UICode\report\clReportPrinterUI\clReportPrinterUI.vcxproj", "{7FEEF10F-7695-4CE4-BB55-990F11D3222E}"
EndProject
Project("{8BC9CEB8-8B4A-11D0-8D11-00A0C91BC942}") = "clReportTemplateUI", "UICode\report\clReportTemplateUI\clReportTemplateUI.vcxproj", "{F61DED1B-C53B-4A4F-AA00-929D7FD127F5}"
EndProject
Project("{8BC9CEB8-8B4A-11D0-8D11-00A0C91BC942}") = "clTemplateDesign", "UICode\report\clTemplateDesign\clTemplateDesign.vcxproj", "{76541370-FD16-4F51-856A-62DF0B4B2D5C}"
EndProject
Project("{8BC9CEB8-8B4A-11D0-8D11-00A0C91BC942}") = "clPostProcessorUI", "UICode\post\clPostProcessorUI\clPostProcessorUI.vcxproj", "{5DAFC6BF-F9FA-4419-8A01-94E4058E6160}"
EndProject
Project("{8BC9CEB8-8B4A-11D0-8D11-00A0C91BC942}") = "clDataManager", "UICode\appFrame\clDataManager\clDataManager.vcxproj", "{3BE0CFC5-3B2B-468C-A4E1-A1164E6B83CC}"
EndProject
Project("{8BC9CEB8-8B4A-11D0-8D11-00A0C91BC942}") = "clDataBackuper", "UICode\importExport\clDataBackuper\clDataBackuper.vcxproj", "{649402C9-6DE9-4598-8CCD-1824B035691B}"
EndProject
Project("{8BC9CEB8-8B4A-11D0-8D11-00A0C91BC942}") = "clKnowledgeBaseConfig", "UICode\config\clKnowledgeBaseConfig\clKnowledgeBaseConfig.vcxproj", "{316682D4-B265-461D-B649-D1A3065547E4}"
EndProject
Project("{8BC9CEB8-8B4A-11D0-8D11-00A0C91BC942}") = "clResource", "UICode\resource\clResource\clResource.vcxproj", "{58F2DE9F-651D-4710-B337-73C84F0BA122}"
EndProject
Project("{2150E333-8FDC-42A3-9474-1A3956D46DE8}") = "task", "task", "{51ED6705-6D74-498D-9C3F-B6D89CA8E3B3}"
EndProject
Project("{8BC9CEB8-8B4A-11D0-8D11-00A0C91BC942}") = "clTaskUI", "UICode\task\clTaskUI\clTaskUI.vcxproj", "{FD02473E-A883-4339-87BF-7018CA823E39}"
EndProject
Project("{8BC9CEB8-8B4A-11D0-8D11-00A0C91BC942}") = "clCanvasGeometryUI", "UICode\sheet\clCanvasGeometryUI\clCanvasGeometryUI.vcxproj", "{401E7347-E112-42CE-B44A-5F43696AB3D1}"
EndProject
Project("{8BC9CEB8-8B4A-11D0-8D11-00A0C91BC942}") = "CCPBridge", "UICode\bridge\CCPBridge\CCPBridge.vcxproj", "{3650D5D7-1F44-4EBC-9FC8-502D1CC3C795}"
EndProject
Global
	GlobalSection(Performance) = preSolution
		HasPerformanceSessions = true
	EndGlobalSection
	GlobalSection(SolutionConfigurationPlatforms) = preSolution
		Debug|Any CPU = Debug|Any CPU
		Debug|Win32 = Debug|Win32
		Debug|x64 = Debug|x64
		Release|Any CPU = Release|Any CPU
		Release|Win32 = Release|Win32
		Release|x64 = Release|x64
	EndGlobalSection
	GlobalSection(ProjectConfigurationPlatforms) = postSolution
		{98C833E7-5909-4F71-915D-ED86A79F79A1}.Debug|Any CPU.ActiveCfg = Debug|Win32
		{98C833E7-5909-4F71-915D-ED86A79F79A1}.Debug|Win32.ActiveCfg = Debug|Win32
		{98C833E7-5909-4F71-915D-ED86A79F79A1}.Debug|Win32.Build.0 = Debug|Win32
		{98C833E7-5909-4F71-915D-ED86A79F79A1}.Debug|x64.ActiveCfg = Debug|Win32
		{98C833E7-5909-4F71-915D-ED86A79F79A1}.Release|Any CPU.ActiveCfg = Release|Win32
		{98C833E7-5909-4F71-915D-ED86A79F79A1}.Release|Win32.ActiveCfg = Release|Win32
		{98C833E7-5909-4F71-915D-ED86A79F79A1}.Release|Win32.Build.0 = Release|Win32
		{98C833E7-5909-4F71-915D-ED86A79F79A1}.Release|x64.ActiveCfg = Release|Win32
		{0B7FF77D-E68C-4FB6-B9B9-06D47E76C4BB}.Debug|Any CPU.ActiveCfg = Debug|Win32
		{0B7FF77D-E68C-4FB6-B9B9-06D47E76C4BB}.Debug|Win32.ActiveCfg = Debug|Win32
		{0B7FF77D-E68C-4FB6-B9B9-06D47E76C4BB}.Debug|Win32.Build.0 = Debug|Win32
		{0B7FF77D-E68C-4FB6-B9B9-06D47E76C4BB}.Debug|x64.ActiveCfg = Debug|Win32
		{0B7FF77D-E68C-4FB6-B9B9-06D47E76C4BB}.Release|Any CPU.ActiveCfg = Release|Win32
		{0B7FF77D-E68C-4FB6-B9B9-06D47E76C4BB}.Release|Win32.ActiveCfg = Release|Win32
		{0B7FF77D-E68C-4FB6-B9B9-06D47E76C4BB}.Release|Win32.Build.0 = Release|Win32
		{0B7FF77D-E68C-4FB6-B9B9-06D47E76C4BB}.Release|x64.ActiveCfg = Release|Win32
		{2B4B3D9F-C0CC-47F4-866C-06E05420D3B9}.Debug|Any CPU.ActiveCfg = Debug|Win32
		{2B4B3D9F-C0CC-47F4-866C-06E05420D3B9}.Debug|Win32.ActiveCfg = Debug|Win32
		{2B4B3D9F-C0CC-47F4-866C-06E05420D3B9}.Debug|Win32.Build.0 = Debug|Win32
		{2B4B3D9F-C0CC-47F4-866C-06E05420D3B9}.Debug|x64.ActiveCfg = Debug|Win32
		{2B4B3D9F-C0CC-47F4-866C-06E05420D3B9}.Release|Any CPU.ActiveCfg = Release|Win32
		{2B4B3D9F-C0CC-47F4-866C-06E05420D3B9}.Release|Win32.ActiveCfg = Release|Win32
		{2B4B3D9F-C0CC-47F4-866C-06E05420D3B9}.Release|Win32.Build.0 = Release|Win32
		{2B4B3D9F-C0CC-47F4-866C-06E05420D3B9}.Release|x64.ActiveCfg = Release|Win32
		{D359CF86-E839-410A-9559-A7107A16D141}.Debug|Any CPU.ActiveCfg = Debug|Win32
		{D359CF86-E839-410A-9559-A7107A16D141}.Debug|Win32.ActiveCfg = Debug|Win32
		{D359CF86-E839-410A-9559-A7107A16D141}.Debug|Win32.Build.0 = Debug|Win32
		{D359CF86-E839-410A-9559-A7107A16D141}.Debug|x64.ActiveCfg = Debug|Win32
		{D359CF86-E839-410A-9559-A7107A16D141}.Release|Any CPU.ActiveCfg = Release|Win32
		{D359CF86-E839-410A-9559-A7107A16D141}.Release|Win32.ActiveCfg = Release|Win32
		{D359CF86-E839-410A-9559-A7107A16D141}.Release|Win32.Build.0 = Release|Win32
		{D359CF86-E839-410A-9559-A7107A16D141}.Release|x64.ActiveCfg = Release|Win32
		{0B9AB221-C83D-4702-B6A6-E68D96359365}.Debug|Any CPU.ActiveCfg = Debug|Win32
		{0B9AB221-C83D-4702-B6A6-E68D96359365}.Debug|Win32.ActiveCfg = Debug|Win32
		{0B9AB221-C83D-4702-B6A6-E68D96359365}.Debug|Win32.Build.0 = Debug|Win32
		{0B9AB221-C83D-4702-B6A6-E68D96359365}.Debug|x64.ActiveCfg = Debug|Win32
		{0B9AB221-C83D-4702-B6A6-E68D96359365}.Release|Any CPU.ActiveCfg = Release|Win32
		{0B9AB221-C83D-4702-B6A6-E68D96359365}.Release|Win32.ActiveCfg = Release|Win32
		{0B9AB221-C83D-4702-B6A6-E68D96359365}.Release|Win32.Build.0 = Release|Win32
		{0B9AB221-C83D-4702-B6A6-E68D96359365}.Release|x64.ActiveCfg = Release|Win32
		{36681548-753E-497D-A612-01630C5B7F04}.Debug|Any CPU.ActiveCfg = Debug|Win32
		{36681548-753E-497D-A612-01630C5B7F04}.Debug|Win32.ActiveCfg = Debug|Win32
		{36681548-753E-497D-A612-01630C5B7F04}.Debug|Win32.Build.0 = Debug|Win32
		{36681548-753E-497D-A612-01630C5B7F04}.Debug|x64.ActiveCfg = Debug|Win32
		{36681548-753E-497D-A612-01630C5B7F04}.Release|Any CPU.ActiveCfg = Release|Win32
		{36681548-753E-497D-A612-01630C5B7F04}.Release|Win32.ActiveCfg = Release|Win32
		{36681548-753E-497D-A612-01630C5B7F04}.Release|Win32.Build.0 = Release|Win32
		{36681548-753E-497D-A612-01630C5B7F04}.Release|x64.ActiveCfg = Release|Win32
		{E79EF911-3A25-47AC-9899-9E147B89722C}.Debug|Any CPU.ActiveCfg = Debug|Win32
		{E79EF911-3A25-47AC-9899-9E147B89722C}.Debug|Win32.ActiveCfg = Debug|Win32
		{E79EF911-3A25-47AC-9899-9E147B89722C}.Debug|Win32.Build.0 = Debug|Win32
		{E79EF911-3A25-47AC-9899-9E147B89722C}.Debug|x64.ActiveCfg = Debug|Win32
		{E79EF911-3A25-47AC-9899-9E147B89722C}.Release|Any CPU.ActiveCfg = Release|Win32
		{E79EF911-3A25-47AC-9899-9E147B89722C}.Release|Win32.ActiveCfg = Release|Win32
		{E79EF911-3A25-47AC-9899-9E147B89722C}.Release|Win32.Build.0 = Release|Win32
		{E79EF911-3A25-47AC-9899-9E147B89722C}.Release|x64.ActiveCfg = Release|Win32
		{0DAE83D4-47AC-4A7B-9CC9-1DD7B2AAB3FD}.Debug|Any CPU.ActiveCfg = Debug|Win32
		{0DAE83D4-47AC-4A7B-9CC9-1DD7B2AAB3FD}.Debug|Win32.ActiveCfg = Debug|Win32
		{0DAE83D4-47AC-4A7B-9CC9-1DD7B2AAB3FD}.Debug|Win32.Build.0 = Debug|Win32
		{0DAE83D4-47AC-4A7B-9CC9-1DD7B2AAB3FD}.Debug|x64.ActiveCfg = Debug|Win32
		{0DAE83D4-47AC-4A7B-9CC9-1DD7B2AAB3FD}.Release|Any CPU.ActiveCfg = Release|Win32
		{0DAE83D4-47AC-4A7B-9CC9-1DD7B2AAB3FD}.Release|Win32.ActiveCfg = Release|Win32
		{0DAE83D4-47AC-4A7B-9CC9-1DD7B2AAB3FD}.Release|Win32.Build.0 = Release|Win32
		{0DAE83D4-47AC-4A7B-9CC9-1DD7B2AAB3FD}.Release|x64.ActiveCfg = Release|Win32
		{17C359FC-7DBE-465F-BD53-C2D3B609A852}.Debug|Any CPU.ActiveCfg = Debug|Win32
		{17C359FC-7DBE-465F-BD53-C2D3B609A852}.Debug|Win32.ActiveCfg = Debug|Win32
		{17C359FC-7DBE-465F-BD53-C2D3B609A852}.Debug|Win32.Build.0 = Debug|Win32
		{17C359FC-7DBE-465F-BD53-C2D3B609A852}.Debug|x64.ActiveCfg = Debug|Win32
		{17C359FC-7DBE-465F-BD53-C2D3B609A852}.Release|Any CPU.ActiveCfg = Release|Win32
		{17C359FC-7DBE-465F-BD53-C2D3B609A852}.Release|Win32.ActiveCfg = Release|Win32
		{17C359FC-7DBE-465F-BD53-C2D3B609A852}.Release|Win32.Build.0 = Release|Win32
		{17C359FC-7DBE-465F-BD53-C2D3B609A852}.Release|x64.ActiveCfg = Release|Win32
		{FA78FD50-532D-4B52-BE3E-5A699017997A}.Debug|Any CPU.ActiveCfg = Debug|Win32
		{FA78FD50-532D-4B52-BE3E-5A699017997A}.Debug|Win32.ActiveCfg = Debug|Win32
		{FA78FD50-532D-4B52-BE3E-5A699017997A}.Debug|Win32.Build.0 = Debug|Win32
		{FA78FD50-532D-4B52-BE3E-5A699017997A}.Debug|x64.ActiveCfg = Debug|Win32
		{FA78FD50-532D-4B52-BE3E-5A699017997A}.Release|Any CPU.ActiveCfg = Release|Win32
		{FA78FD50-532D-4B52-BE3E-5A699017997A}.Release|Win32.ActiveCfg = Release|Win32
		{FA78FD50-532D-4B52-BE3E-5A699017997A}.Release|Win32.Build.0 = Release|Win32
		{FA78FD50-532D-4B52-BE3E-5A699017997A}.Release|x64.ActiveCfg = Release|Win32
		{8A9BFD79-DEDF-45A5-BA56-0D8461743D90}.Debug|Any CPU.ActiveCfg = Debug|Win32
		{8A9BFD79-DEDF-45A5-BA56-0D8461743D90}.Debug|Win32.ActiveCfg = Debug|Win32
		{8A9BFD79-DEDF-45A5-BA56-0D8461743D90}.Debug|Win32.Build.0 = Debug|Win32
		{8A9BFD79-DEDF-45A5-BA56-0D8461743D90}.Debug|x64.ActiveCfg = Debug|Win32
		{8A9BFD79-DEDF-45A5-BA56-0D8461743D90}.Release|Any CPU.ActiveCfg = Release|Win32
		{8A9BFD79-DEDF-45A5-BA56-0D8461743D90}.Release|Win32.ActiveCfg = Release|Win32
		{8A9BFD79-DEDF-45A5-BA56-0D8461743D90}.Release|Win32.Build.0 = Release|Win32
		{8A9BFD79-DEDF-45A5-BA56-0D8461743D90}.Release|x64.ActiveCfg = Release|Win32
		{930EA418-3FF3-4DB6-AB70-BF56E1CDA880}.Debug|Any CPU.ActiveCfg = Debug|Win32
		{930EA418-3FF3-4DB6-AB70-BF56E1CDA880}.Debug|Win32.ActiveCfg = Debug|Win32
		{930EA418-3FF3-4DB6-AB70-BF56E1CDA880}.Debug|Win32.Build.0 = Debug|Win32
		{930EA418-3FF3-4DB6-AB70-BF56E1CDA880}.Debug|x64.ActiveCfg = Debug|Win32
		{930EA418-3FF3-4DB6-AB70-BF56E1CDA880}.Release|Any CPU.ActiveCfg = Release|Win32
		{930EA418-3FF3-4DB6-AB70-BF56E1CDA880}.Release|Win32.ActiveCfg = Release|Win32
		{930EA418-3FF3-4DB6-AB70-BF56E1CDA880}.Release|Win32.Build.0 = Release|Win32
		{930EA418-3FF3-4DB6-AB70-BF56E1CDA880}.Release|x64.ActiveCfg = Release|Win32
		{CDC5DD0C-1AF6-4CC1-9756-3E3314FDDE99}.Debug|Any CPU.ActiveCfg = Debug|Win32
		{CDC5DD0C-1AF6-4CC1-9756-3E3314FDDE99}.Debug|Win32.ActiveCfg = Debug|Win32
		{CDC5DD0C-1AF6-4CC1-9756-3E3314FDDE99}.Debug|Win32.Build.0 = Debug|Win32
		{CDC5DD0C-1AF6-4CC1-9756-3E3314FDDE99}.Debug|x64.ActiveCfg = Debug|Win32
		{CDC5DD0C-1AF6-4CC1-9756-3E3314FDDE99}.Release|Any CPU.ActiveCfg = Release|Win32
		{CDC5DD0C-1AF6-4CC1-9756-3E3314FDDE99}.Release|Win32.ActiveCfg = Release|Win32
		{CDC5DD0C-1AF6-4CC1-9756-3E3314FDDE99}.Release|Win32.Build.0 = Release|Win32
		{CDC5DD0C-1AF6-4CC1-9756-3E3314FDDE99}.Release|x64.ActiveCfg = Release|Win32
		{D37EC670-70DC-4A7F-8C16-AA80E0A79668}.Debug|Any CPU.ActiveCfg = Debug|Win32
		{D37EC670-70DC-4A7F-8C16-AA80E0A79668}.Debug|Win32.ActiveCfg = Debug|Win32
		{D37EC670-70DC-4A7F-8C16-AA80E0A79668}.Debug|Win32.Build.0 = Debug|Win32
		{D37EC670-70DC-4A7F-8C16-AA80E0A79668}.Debug|x64.ActiveCfg = Debug|Win32
		{D37EC670-70DC-4A7F-8C16-AA80E0A79668}.Release|Any CPU.ActiveCfg = Release|Win32
		{D37EC670-70DC-4A7F-8C16-AA80E0A79668}.Release|Win32.ActiveCfg = Release|Win32
		{D37EC670-70DC-4A7F-8C16-AA80E0A79668}.Release|Win32.Build.0 = Release|Win32
		{D37EC670-70DC-4A7F-8C16-AA80E0A79668}.Release|x64.ActiveCfg = Release|Win32
		{27A4E42A-4E9C-4771-881A-3F21F41F2F6C}.Debug|Any CPU.ActiveCfg = Debug|Win32
		{27A4E42A-4E9C-4771-881A-3F21F41F2F6C}.Debug|Win32.ActiveCfg = Debug|Win32
		{27A4E42A-4E9C-4771-881A-3F21F41F2F6C}.Debug|Win32.Build.0 = Debug|Win32
		{27A4E42A-4E9C-4771-881A-3F21F41F2F6C}.Debug|x64.ActiveCfg = Debug|Win32
		{27A4E42A-4E9C-4771-881A-3F21F41F2F6C}.Release|Any CPU.ActiveCfg = Release|Win32
		{27A4E42A-4E9C-4771-881A-3F21F41F2F6C}.Release|Win32.ActiveCfg = Release|Win32
		{27A4E42A-4E9C-4771-881A-3F21F41F2F6C}.Release|Win32.Build.0 = Release|Win32
		{27A4E42A-4E9C-4771-881A-3F21F41F2F6C}.Release|x64.ActiveCfg = Release|Win32
		{F22050AC-B325-451A-9194-3B73B6EBAF5C}.Debug|Any CPU.ActiveCfg = Debug|Win32
		{F22050AC-B325-451A-9194-3B73B6EBAF5C}.Debug|Win32.ActiveCfg = Debug|Win32
		{F22050AC-B325-451A-9194-3B73B6EBAF5C}.Debug|Win32.Build.0 = Debug|Win32
		{F22050AC-B325-451A-9194-3B73B6EBAF5C}.Debug|x64.ActiveCfg = Debug|Win32
		{F22050AC-B325-451A-9194-3B73B6EBAF5C}.Release|Any CPU.ActiveCfg = Release|Win32
		{F22050AC-B325-451A-9194-3B73B6EBAF5C}.Release|Win32.ActiveCfg = Release|Win32
		{F22050AC-B325-451A-9194-3B73B6EBAF5C}.Release|Win32.Build.0 = Release|Win32
		{F22050AC-B325-451A-9194-3B73B6EBAF5C}.Release|x64.ActiveCfg = Release|Win32
		{7FEEF10F-7695-4CE4-BB55-990F11D3222E}.Debug|Any CPU.ActiveCfg = Debug|Win32
		{7FEEF10F-7695-4CE4-BB55-990F11D3222E}.Debug|Win32.ActiveCfg = Debug|Win32
		{7FEEF10F-7695-4CE4-BB55-990F11D3222E}.Debug|Win32.Build.0 = Debug|Win32
		{7FEEF10F-7695-4CE4-BB55-990F11D3222E}.Debug|x64.ActiveCfg = Debug|Win32
		{7FEEF10F-7695-4CE4-BB55-990F11D3222E}.Release|Any CPU.ActiveCfg = Release|Win32
		{7FEEF10F-7695-4CE4-BB55-990F11D3222E}.Release|Win32.ActiveCfg = Release|Win32
		{7FEEF10F-7695-4CE4-BB55-990F11D3222E}.Release|Win32.Build.0 = Release|Win32
		{7FEEF10F-7695-4CE4-BB55-990F11D3222E}.Release|x64.ActiveCfg = Release|Win32
		{F61DED1B-C53B-4A4F-AA00-929D7FD127F5}.Debug|Any CPU.ActiveCfg = Debug|Win32
		{F61DED1B-C53B-4A4F-AA00-929D7FD127F5}.Debug|Win32.ActiveCfg = Debug|Win32
		{F61DED1B-C53B-4A4F-AA00-929D7FD127F5}.Debug|Win32.Build.0 = Debug|Win32
		{F61DED1B-C53B-4A4F-AA00-929D7FD127F5}.Debug|x64.ActiveCfg = Debug|Win32
		{F61DED1B-C53B-4A4F-AA00-929D7FD127F5}.Release|Any CPU.ActiveCfg = Release|Win32
		{F61DED1B-C53B-4A4F-AA00-929D7FD127F5}.Release|Win32.ActiveCfg = Release|Win32
		{F61DED1B-C53B-4A4F-AA00-929D7FD127F5}.Release|Win32.Build.0 = Release|Win32
		{F61DED1B-C53B-4A4F-AA00-929D7FD127F5}.Release|x64.ActiveCfg = Release|Win32
		{76541370-FD16-4F51-856A-62DF0B4B2D5C}.Debug|Any CPU.ActiveCfg = Debug|Win32
		{76541370-FD16-4F51-856A-62DF0B4B2D5C}.Debug|Win32.ActiveCfg = Debug|Win32
		{76541370-FD16-4F51-856A-62DF0B4B2D5C}.Debug|Win32.Build.0 = Debug|Win32
		{76541370-FD16-4F51-856A-62DF0B4B2D5C}.Debug|x64.ActiveCfg = Debug|Win32
		{76541370-FD16-4F51-856A-62DF0B4B2D5C}.Release|Any CPU.ActiveCfg = Release|Win32
		{76541370-FD16-4F51-856A-62DF0B4B2D5C}.Release|Win32.ActiveCfg = Release|Win32
		{76541370-FD16-4F51-856A-62DF0B4B2D5C}.Release|Win32.Build.0 = Release|Win32
		{76541370-FD16-4F51-856A-62DF0B4B2D5C}.Release|x64.ActiveCfg = Release|Win32
		{5DAFC6BF-F9FA-4419-8A01-94E4058E6160}.Debug|Any CPU.ActiveCfg = Debug|Win32
		{5DAFC6BF-F9FA-4419-8A01-94E4058E6160}.Debug|Win32.ActiveCfg = Debug|Win32
		{5DAFC6BF-F9FA-4419-8A01-94E4058E6160}.Debug|Win32.Build.0 = Debug|Win32
		{5DAFC6BF-F9FA-4419-8A01-94E4058E6160}.Debug|x64.ActiveCfg = Debug|Win32
		{5DAFC6BF-F9FA-4419-8A01-94E4058E6160}.Release|Any CPU.ActiveCfg = Release|Win32
		{5DAFC6BF-F9FA-4419-8A01-94E4058E6160}.Release|Win32.ActiveCfg = Release|Win32
		{5DAFC6BF-F9FA-4419-8A01-94E4058E6160}.Release|Win32.Build.0 = Release|Win32
		{5DAFC6BF-F9FA-4419-8A01-94E4058E6160}.Release|x64.ActiveCfg = Release|Win32
		{3BE0CFC5-3B2B-468C-A4E1-A1164E6B83CC}.Debug|Any CPU.ActiveCfg = Debug|Win32
		{3BE0CFC5-3B2B-468C-A4E1-A1164E6B83CC}.Debug|Win32.ActiveCfg = Debug|Win32
		{3BE0CFC5-3B2B-468C-A4E1-A1164E6B83CC}.Debug|Win32.Build.0 = Debug|Win32
		{3BE0CFC5-3B2B-468C-A4E1-A1164E6B83CC}.Debug|x64.ActiveCfg = Debug|Win32
		{3BE0CFC5-3B2B-468C-A4E1-A1164E6B83CC}.Release|Any CPU.ActiveCfg = Release|Win32
		{3BE0CFC5-3B2B-468C-A4E1-A1164E6B83CC}.Release|Win32.ActiveCfg = Release|Win32
		{3BE0CFC5-3B2B-468C-A4E1-A1164E6B83CC}.Release|Win32.Build.0 = Release|Win32
		{3BE0CFC5-3B2B-468C-A4E1-A1164E6B83CC}.Release|x64.ActiveCfg = Release|Win32
		{649402C9-6DE9-4598-8CCD-1824B035691B}.Debug|Any CPU.ActiveCfg = Debug|Win32
		{649402C9-6DE9-4598-8CCD-1824B035691B}.Debug|Win32.ActiveCfg = Debug|Win32
		{649402C9-6DE9-4598-8CCD-1824B035691B}.Debug|Win32.Build.0 = Debug|Win32
		{649402C9-6DE9-4598-8CCD-1824B035691B}.Debug|x64.ActiveCfg = Debug|Win32
		{649402C9-6DE9-4598-8CCD-1824B035691B}.Release|Any CPU.ActiveCfg = Release|Win32
		{649402C9-6DE9-4598-8CCD-1824B035691B}.Release|Win32.ActiveCfg = Release|Win32
		{649402C9-6DE9-4598-8CCD-1824B035691B}.Release|Win32.Build.0 = Release|Win32
		{649402C9-6DE9-4598-8CCD-1824B035691B}.Release|x64.ActiveCfg = Release|Win32
		{316682D4-B265-461D-B649-D1A3065547E4}.Debug|Any CPU.ActiveCfg = Debug|Win32
		{316682D4-B265-461D-B649-D1A3065547E4}.Debug|Win32.ActiveCfg = Debug|Win32
		{316682D4-B265-461D-B649-D1A3065547E4}.Debug|Win32.Build.0 = Debug|Win32
		{316682D4-B265-461D-B649-D1A3065547E4}.Debug|x64.ActiveCfg = Debug|Win32
		{316682D4-B265-461D-B649-D1A3065547E4}.Release|Any CPU.ActiveCfg = Release|Win32
		{316682D4-B265-461D-B649-D1A3065547E4}.Release|Win32.ActiveCfg = Release|Win32
		{316682D4-B265-461D-B649-D1A3065547E4}.Release|Win32.Build.0 = Release|Win32
		{316682D4-B265-461D-B649-D1A3065547E4}.Release|x64.ActiveCfg = Release|Win32
		{58F2DE9F-651D-4710-B337-73C84F0BA122}.Debug|Any CPU.ActiveCfg = Debug|Win32
		{58F2DE9F-651D-4710-B337-73C84F0BA122}.Debug|Win32.ActiveCfg = Debug|Win32
		{58F2DE9F-651D-4710-B337-73C84F0BA122}.Debug|Win32.Build.0 = Debug|Win32
		{58F2DE9F-651D-4710-B337-73C84F0BA122}.Debug|x64.ActiveCfg = Debug|Win32
		{58F2DE9F-651D-4710-B337-73C84F0BA122}.Release|Any CPU.ActiveCfg = Release|Win32
		{58F2DE9F-651D-4710-B337-73C84F0BA122}.Release|Win32.ActiveCfg = Release|Win32
		{58F2DE9F-651D-4710-B337-73C84F0BA122}.Release|Win32.Build.0 = Release|Win32
		{58F2DE9F-651D-4710-B337-73C84F0BA122}.Release|x64.ActiveCfg = Release|Win32
		{FD02473E-A883-4339-87BF-7018CA823E39}.Debug|Any CPU.ActiveCfg = Debug|Win32
		{FD02473E-A883-4339-87BF-7018CA823E39}.Debug|Win32.ActiveCfg = Debug|Win32
		{FD02473E-A883-4339-87BF-7018CA823E39}.Debug|Win32.Build.0 = Debug|Win32
		{FD02473E-A883-4339-87BF-7018CA823E39}.Debug|x64.ActiveCfg = Debug|Win32
		{FD02473E-A883-4339-87BF-7018CA823E39}.Release|Any CPU.ActiveCfg = Release|Win32
		{FD02473E-A883-4339-87BF-7018CA823E39}.Release|Win32.ActiveCfg = Release|Win32
		{FD02473E-A883-4339-87BF-7018CA823E39}.Release|Win32.Build.0 = Release|Win32
		{FD02473E-A883-4339-87BF-7018CA823E39}.Release|x64.ActiveCfg = Release|Win32
		{401E7347-E112-42CE-B44A-5F43696AB3D1}.Debug|Any CPU.ActiveCfg = Debug|Win32
		{401E7347-E112-42CE-B44A-5F43696AB3D1}.Debug|Win32.ActiveCfg = Debug|Win32
		{401E7347-E112-42CE-B44A-5F43696AB3D1}.Debug|Win32.Build.0 = Debug|Win32
		{401E7347-E112-42CE-B44A-5F43696AB3D1}.Debug|x64.ActiveCfg = Debug|Win32
		{401E7347-E112-42CE-B44A-5F43696AB3D1}.Release|Any CPU.ActiveCfg = Release|Win32
		{401E7347-E112-42CE-B44A-5F43696AB3D1}.Release|Win32.ActiveCfg = Release|Win32
		{401E7347-E112-42CE-B44A-5F43696AB3D1}.Release|Win32.Build.0 = Release|Win32
		{401E7347-E112-42CE-B44A-5F43696AB3D1}.Release|x64.ActiveCfg = Release|Win32
		{3650D5D7-1F44-4EBC-9FC8-502D1CC3C795}.Debug|Any CPU.ActiveCfg = Debug|Win32
		{3650D5D7-1F44-4EBC-9FC8-502D1CC3C795}.Debug|Win32.ActiveCfg = Debug|Win32
		{3650D5D7-1F44-4EBC-9FC8-502D1CC3C795}.Debug|Win32.Build.0 = Debug|Win32
		{3650D5D7-1F44-4EBC-9FC8-502D1CC3C795}.Debug|x64.ActiveCfg = Debug|x64
		{3650D5D7-1F44-4EBC-9FC8-502D1CC3C795}.Debug|x64.Build.0 = Debug|x64
		{3650D5D7-1F44-4EBC-9FC8-502D1CC3C795}.Release|Any CPU.ActiveCfg = Release|Win32
		{3650D5D7-1F44-4EBC-9FC8-502D1CC3C795}.Release|Win32.ActiveCfg = Release|Win32
		{3650D5D7-1F44-4EBC-9FC8-502D1CC3C795}.Release|Win32.Build.0 = Release|Win32
		{3650D5D7-1F44-4EBC-9FC8-502D1CC3C795}.Release|x64.ActiveCfg = Release|x64
		{3650D5D7-1F44-4EBC-9FC8-502D1CC3C795}.Release|x64.Build.0 = Release|x64
	EndGlobalSection
	GlobalSection(SolutionProperties) = preSolution
		HideSolutionNode = FALSE
	EndGlobalSection
	GlobalSection(NestedProjects) = preSolution
		{98C833E7-5909-4F71-915D-ED86A79F79A1} = {3CF76E23-A098-449C-8427-E085723AE517}
		{0B7FF77D-E68C-4FB6-B9B9-06D47E76C4BB} = {3CF76E23-A098-449C-8427-E085723AE517}
		{2B4B3D9F-C0CC-47F4-866C-06E05420D3B9} = {E505BF63-8673-45A0-B5EE-8AC12DD8547D}
		{D359CF86-E839-410A-9559-A7107A16D141} = {C77CE6DF-9840-43DB-AEDE-A73D8191C7F8}
		{0B9AB221-C83D-4702-B6A6-E68D96359365} = {6CD7B677-E0D5-4ACB-B1CC-FED5A7463E50}
		{36681548-753E-497D-A612-01630C5B7F04} = {4E090065-0EEB-4C40-8F86-DC460291BDDD}
		{E79EF911-3A25-47AC-9899-9E147B89722C} = {C77CE6DF-9840-43DB-AEDE-A73D8191C7F8}
		{0DAE83D4-47AC-4A7B-9CC9-1DD7B2AAB3FD} = {C77CE6DF-9840-43DB-AEDE-A73D8191C7F8}
		{17C359FC-7DBE-465F-BD53-C2D3B609A852} = {6CD7B677-E0D5-4ACB-B1CC-FED5A7463E50}
		{FA78FD50-532D-4B52-BE3E-5A699017997A} = {6CD7B677-E0D5-4ACB-B1CC-FED5A7463E50}
		{8A9BFD79-DEDF-45A5-BA56-0D8461743D90} = {6CD7B677-E0D5-4ACB-B1CC-FED5A7463E50}
		{930EA418-3FF3-4DB6-AB70-BF56E1CDA880} = {68B58BD9-04BE-41B6-AF0B-984FD2975BF8}
		{CDC5DD0C-1AF6-4CC1-9756-3E3314FDDE99} = {E505BF63-8673-45A0-B5EE-8AC12DD8547D}
		{D37EC670-70DC-4A7F-8C16-AA80E0A79668} = {E505BF63-8673-45A0-B5EE-8AC12DD8547D}
		{27A4E42A-4E9C-4771-881A-3F21F41F2F6C} = {E505BF63-8673-45A0-B5EE-8AC12DD8547D}
		{F22050AC-B325-451A-9194-3B73B6EBAF5C} = {D9F31BC7-F130-4CF0-BECD-C5319B82AED8}
		{7FEEF10F-7695-4CE4-BB55-990F11D3222E} = {D9F31BC7-F130-4CF0-BECD-C5319B82AED8}
		{F61DED1B-C53B-4A4F-AA00-929D7FD127F5} = {D9F31BC7-F130-4CF0-BECD-C5319B82AED8}
		{76541370-FD16-4F51-856A-62DF0B4B2D5C} = {D9F31BC7-F130-4CF0-BECD-C5319B82AED8}
		{5DAFC6BF-F9FA-4419-8A01-94E4058E6160} = {632A4A63-F4E8-4B32-8E44-50ACC97DEEF7}
		{3BE0CFC5-3B2B-468C-A4E1-A1164E6B83CC} = {3CF76E23-A098-449C-8427-E085723AE517}
		{649402C9-6DE9-4598-8CCD-1824B035691B} = {68B58BD9-04BE-41B6-AF0B-984FD2975BF8}
		{316682D4-B265-461D-B649-D1A3065547E4} = {E505BF63-8673-45A0-B5EE-8AC12DD8547D}
		{58F2DE9F-651D-4710-B337-73C84F0BA122} = {CD0DE9BD-E18C-47CF-8490-1152E0E87ABD}
		{FD02473E-A883-4339-87BF-7018CA823E39} = {51ED6705-6D74-498D-9C3F-B6D89CA8E3B3}
		{401E7347-E112-42CE-B44A-5F43696AB3D1} = {6CD7B677-E0D5-4ACB-B1CC-FED5A7463E50}
		{3650D5D7-1F44-4EBC-9FC8-502D1CC3C795} = {1E8C364E-2FC9-41DF-9C39-29BCD949594C}
	EndGlobalSection
	GlobalSection(ExtensibilityGlobals) = postSolution
		SolutionGuid = {2AD6B898-CC9C-4708-9325-660DB00D6F0F}
	EndGlobalSection
	GlobalSection(DPCodeReviewSolutionGUID) = preSolution
		DPCodeReviewSolutionGUID = {00000000-0000-0000-0000-000000000000}
	EndGlobalSection
EndGlobal
