
Microsoft Visual Studio Solution File, Format Version 12.00
# Visual Studio 15
VisualStudioVersion = 15.0.28307.1169
MinimumVisualStudioVersion = 10.0.40219.1
Project("{FAE04EC0-301F-11D3-BF4B-00C04F79EFBC}") = "NcEditor-CShape", "UICode\sampleCode\NCViewer-CShape\NcEditor-CShape.csproj", "{6B8DA07B-021A-4C7A-8365-8F657EAC213F}"
EndProject
Global
	GlobalSection(SolutionConfigurationPlatforms) = preSolution
		Debug|Any CPU = Debug|Any CPU
		Debug|Win32 = Debug|Win32
		Debug|x64 = Debug|x64
		Release|Any CPU = Release|Any CPU
		Release|Win32 = Release|Win32
		Release|x64 = Release|x64
	EndGlobalSection
	GlobalSection(ProjectConfigurationPlatforms) = postSolution
		{6B8DA07B-021A-4C7A-8365-8F657EAC213F}.Debug|Any CPU.ActiveCfg = Debug|Any CPU
		{6B8DA07B-021A-4C7A-8365-8F657EAC213F}.Debug|Any CPU.Build.0 = Debug|Any CPU
		{6B8DA07B-021A-4C7A-8365-8F657EAC213F}.Debug|Win32.ActiveCfg = Debug|Any CPU
		{6B8DA07B-021A-4C7A-8365-8F657EAC213F}.Debug|Win32.Build.0 = Debug|Any CPU
		{6B8DA07B-021A-4C7A-8365-8F657EAC213F}.Debug|x64.ActiveCfg = Debug|Any CPU
		{6B8DA07B-021A-4C7A-8365-8F657EAC213F}.Debug|x64.Build.0 = Debug|Any CPU
		{6B8DA07B-021A-4C7A-8365-8F657EAC213F}.Release|Any CPU.ActiveCfg = Release|Any CPU
		{6B8DA07B-021A-4C7A-8365-8F657EAC213F}.Release|Any CPU.Build.0 = Release|Any CPU
		{6B8DA07B-021A-4C7A-8365-8F657EAC213F}.Release|Win32.ActiveCfg = Release|Any CPU
		{6B8DA07B-021A-4C7A-8365-8F657EAC213F}.Release|Win32.Build.0 = Release|Any CPU
		{6B8DA07B-021A-4C7A-8365-8F657EAC213F}.Release|x64.ActiveCfg = Release|Any CPU
		{6B8DA07B-021A-4C7A-8365-8F657EAC213F}.Release|x64.Build.0 = Release|Any CPU
	EndGlobalSection
	GlobalSection(SolutionProperties) = preSolution
		HideSolutionNode = FALSE
	EndGlobalSection
	GlobalSection(ExtensibilityGlobals) = postSolution
		SolutionGuid = {2AD6B898-CC9C-4708-9325-660DB00D6F0F}
	EndGlobalSection
	GlobalSection(DPCodeReviewSolutionGUID) = preSolution
		DPCodeReviewSolutionGUID = {00000000-0000-0000-0000-000000000000}
	EndGlobalSection
EndGlobal
